
Microsoft Visual Studio Solution File, Format Version 12.00
# Visual Studio 2013
VisualStudioVersion = 12.0.31101.0
MinimumVisualStudioVersion = 10.0.40219.1
Project("{FAE04EC0-301F-11D3-BF4B-00C04F79EFBC}") = "DaD.DAL", "DaD.DAL\DaD.DAL.csproj", "{B51C5C5A-7564-4EE3-9BB0-6B6E713CFD98}"
EndProject
Project("{FAE04EC0-301F-11D3-BF4B-00C04F79EFBC}") = "Ordering", "OrdersContainer\Ordering.csproj", "{5107BDE6-AE77-4276-B0D5-00AADBE292AF}"
EndProject
Project("{FAE04EC0-301F-11D3-BF4B-00C04F79EFBC}") = "DineAndDash", "DineAndDash\DineAndDash.csproj", "{77A5C00E-E8ED-4A04-B8EA-66DACE5200BD}"
EndProject
Global
	GlobalSection(SolutionConfigurationPlatforms) = preSolution
		Debug|Any CPU = Debug|Any CPU
		Release|Any CPU = Release|Any CPU
	EndGlobalSection
	GlobalSection(ProjectConfigurationPlatforms) = postSolution
		{B51C5C5A-7564-4EE3-9BB0-6B6E713CFD98}.Debug|Any CPU.ActiveCfg = Debug|Any CPU
		{B51C5C5A-7564-4EE3-9BB0-6B6E713CFD98}.Debug|Any CPU.Build.0 = Debug|Any CPU
		{B51C5C5A-7564-4EE3-9BB0-6B6E713CFD98}.Release|Any CPU.ActiveCfg = Release|Any CPU
		{B51C5C5A-7564-4EE3-9BB0-6B6E713CFD98}.Release|Any CPU.Build.0 = Release|Any CPU
		{5107BDE6-AE77-4276-B0D5-00AADBE292AF}.Debug|Any CPU.ActiveCfg = Debug|Any CPU
		{5107BDE6-AE77-4276-B0D5-00AADBE292AF}.Debug|Any CPU.Build.0 = Debug|Any CPU
		{5107BDE6-AE77-4276-B0D5-00AADBE292AF}.Release|Any CPU.ActiveCfg = Release|Any CPU
		{5107BDE6-AE77-4276-B0D5-00AADBE292AF}.Release|Any CPU.Build.0 = Release|Any CPU
		{77A5C00E-E8ED-4A04-B8EA-66DACE5200BD}.Debug|Any CPU.ActiveCfg = Debug|Any CPU
		{77A5C00E-E8ED-4A04-B8EA-66DACE5200BD}.Debug|Any CPU.Build.0 = Debug|Any CPU
		{77A5C00E-E8ED-4A04-B8EA-66DACE5200BD}.Release|Any CPU.ActiveCfg = Release|Any CPU
		{77A5C00E-E8ED-4A04-B8EA-66DACE5200BD}.Release|Any CPU.Build.0 = Release|Any CPU
	EndGlobalSection
	GlobalSection(SolutionProperties) = preSolution
		HideSolutionNode = FALSE
	EndGlobalSection
EndGlobal
